
Microsoft Visual Studio Solution File, Format Version 12.00
# Visual Studio Version 16
VisualStudioVersion = 16.0.31005.135
MinimumVisualStudioVersion = 10.0.40219.1
Project("{FAE04EC0-301F-11D3-BF4B-00C04F79EFBC}") = "TowerOfAgile", "TowerOfAgile.csproj", "{2003D443-9E57-4E23-BAFC-77273BEDC411}"
EndProject
Global
	GlobalSection(SolutionConfigurationPlatforms) = preSolution
		Debug|Any CPU = Debug|Any CPU
		Release|Any CPU = Release|Any CPU
	EndGlobalSection
	GlobalSection(ProjectConfigurationPlatforms) = postSolution
		{2003D443-9E57-4E23-BAFC-77273BEDC411}.Debug|Any CPU.ActiveCfg = Debug|Any CPU
		{2003D443-9E57-4E23-BAFC-77273BEDC411}.Debug|Any CPU.Build.0 = Debug|Any CPU
		{2003D443-9E57-4E23-BAFC-77273BEDC411}.Release|Any CPU.ActiveCfg = Release|Any CPU
		{2003D443-9E57-4E23-BAFC-77273BEDC411}.Release|Any CPU.Build.0 = Release|Any CPU
	EndGlobalSection
	GlobalSection(SolutionProperties) = preSolution
		HideSolutionNode = FALSE
	EndGlobalSection
	GlobalSection(ExtensibilityGlobals) = postSolution
		SolutionGuid = {59DC0705-DA94-432A-8974-F6E5E4DA6E00}
	EndGlobalSection
EndGlobal
